{
  "version": 4,
  "terraform_version": "1.6.6",
  "serial": 518,
  "lineage": "447a54d1-eb02-16ca-2a89-cec976ec8413",
  "outputs": {
    "private_ip_connect_ssh_elastic": {
      "value": "10.6.0.3",
      "type": "string"
    },
    "private_ip_connect_ssh_kibana": {
      "value": "10.6.0.8",
      "type": "string"
    },
    "private_ip_connect_ssh_web1": {
      "value": "10.6.0.14",
      "type": "string"
    },
    "private_ip_connect_ssh_web2": {
      "value": "10.5.0.8",
      "type": "string"
    },
    "private_ip_connect_ssh_zabbix": {
      "value": "10.6.0.16",
      "type": "string"
    },
    "public_ip_bastion_host": {
      "value": "51.250.32.198",
      "type": "string"
    },
    "public_ip_kibana": {
      "value": "51.250.26.198",
      "type": "string"
    },
    "public_ip_zabbix": {
      "value": "84.201.143.27",
      "type": "string"
    }
  },
  "resources": [
    {
      "mode": "managed",
      "type": "yandex_alb_backend_group",
      "name": "test-backend-group",
      "provider": "provider[\"registry.terraform.io/yandex-cloud/yandex\"]",
      "instances": [
        {
          "schema_version": 0,
          "attributes": {
            "created_at": "2024-01-20T00:21:46Z",
            "description": "",
            "folder_id": "b1gelkmoapvj75knumo4",
            "grpc_backend": [],
            "http_backend": [
              {
                "healthcheck": [
                  {
                    "grpc_healthcheck": [],
                    "healthcheck_port": 0,
                    "healthy_threshold": 10,
                    "http_healthcheck": [
                      {
                        "host": "",
                        "http2": false,
                        "path": "/"
                      }
                    ],
                    "interval": "2s",
                    "interval_jitter_percent": 0,
                    "stream_healthcheck": [],
                    "timeout": "10s",
                    "unhealthy_threshold": 15
                  }
                ],
                "http2": false,
                "load_balancing_config": [
                  {
                    "locality_aware_routing_percent": 0,
                    "mode": "ROUND_ROBIN",
                    "panic_threshold": 90,
                    "strict_locality": false
                  }
                ],
                "name": "backend",
                "port": 80,
                "storage_bucket": "",
                "target_group_ids": [
                  "ds7kj709nibv12mndf4r"
                ],
                "tls": [],
                "weight": 1
              }
            ],
            "id": "ds7989ah9e7g7b9gqh8m",
            "labels": null,
            "name": "test-bg",
            "session_affinity": [
              {
                "connection": [
                  {
                    "source_ip": false
                  }
                ],
                "cookie": [],
                "header": []
              }
            ],
            "stream_backend": [],
            "timeouts": null
          },
          "sensitive_attributes": [],
          "private": "eyJlMmJmYjczMC1lY2FhLTExZTYtOGY4OC0zNDM2M2JjN2M0YzAiOnsiY3JlYXRlIjozMDAwMDAwMDAwMDAsImRlbGV0ZSI6MzAwMDAwMDAwMDAwLCJ1cGRhdGUiOjMwMDAwMDAwMDAwMH19",
          "dependencies": [
            "yandex_alb_target_group.sys1",
            "yandex_compute_instance.nginx1",
            "yandex_compute_instance.nginx2",
            "yandex_vpc_gateway.nat_gateway",
            "yandex_vpc_network.network-main",
            "yandex_vpc_route_table.rt",
            "yandex_vpc_security_group.filebeat-service",
            "yandex_vpc_security_group.nginx-exporter-service",
            "yandex_vpc_security_group.nginx-service",
            "yandex_vpc_security_group.ssh-access-local",
            "yandex_vpc_security_group.zabbix-service",
            "yandex_vpc_subnet.mysubnet-a",
            "yandex_vpc_subnet.mysubnet-b"
          ]
        }
      ]
    },
    {
      "mode": "managed",
      "type": "yandex_alb_http_router",
      "name": "tf-router",
      "provider": "provider[\"registry.terraform.io/yandex-cloud/yandex\"]",
      "instances": [
        {
          "schema_version": 0,
          "attributes": {
            "created_at": "2024-01-20T00:20:32Z",
            "description": "",
            "folder_id": "b1gelkmoapvj75knumo4",
            "id": "ds7pgvagbsv6c54it08m",
            "labels": {
              "empty-label": "",
              "tf-label": "tf-label-value"
            },
            "name": "router",
            "route_options": [],
            "timeouts": null
          },
          "sensitive_attributes": [],
          "private": "eyJlMmJmYjczMC1lY2FhLTExZTYtOGY4OC0zNDM2M2JjN2M0YzAiOnsiY3JlYXRlIjozMDAwMDAwMDAwMDAsImRlbGV0ZSI6MzAwMDAwMDAwMDAwLCJ1cGRhdGUiOjMwMDAwMDAwMDAwMH19"
        }
      ]
    },
    {
      "mode": "managed",
      "type": "yandex_alb_load_balancer",
      "name": "test-balancer",
      "provider": "provider[\"registry.terraform.io/yandex-cloud/yandex\"]",
      "instances": [
        {
          "schema_version": 0,
          "attributes": {
            "allocation_policy": [
              {
                "location": [
                  {
                    "disable_traffic": false,
                    "subnet_id": "b0chg9ps1g3b2hc65lnh",
                    "zone_id": "ru-central1-c"
                  }
                ]
              }
            ],
            "created_at": "2024-01-20T00:20:35Z",
            "description": "",
            "folder_id": "b1gelkmoapvj75knumo4",
            "id": "ds7t364b5mrfcefskemq",
            "labels": null,
            "listener": [
              {
                "endpoint": [
                  {
                    "address": [
                      {
                        "external_ipv4_address": [
                          {
                            "address": "158.160.128.104"
                          }
                        ],
                        "external_ipv6_address": [],
                        "internal_ipv4_address": []
                      }
                    ],
                    "ports": [
                      80
                    ]
                  }
                ],
                "http": [
                  {
                    "handler": [
                      {
                        "allow_http10": false,
                        "http2_options": [],
                        "http_router_id": "ds7pgvagbsv6c54it08m",
                        "rewrite_request_id": false
                      }
                    ],
                    "redirects": []
                  }
                ],
                "name": "lsnrport",
                "stream": [],
                "tls": []
              }
            ],
            "log_group_id": "",
            "log_options": [],
            "name": "balance7",
            "network_id": "enpdgmoknm1n239ur0ne",
            "region_id": "",
            "security_group_ids": null,
            "status": "active",
            "timeouts": null
          },
          "sensitive_attributes": [],
          "private": "eyJlMmJmYjczMC1lY2FhLTExZTYtOGY4OC0zNDM2M2JjN2M0YzAiOnsiY3JlYXRlIjo2MDAwMDAwMDAwMDAsImRlbGV0ZSI6NjAwMDAwMDAwMDAwLCJ1cGRhdGUiOjYwMDAwMDAwMDAwMH19",
          "dependencies": [
            "yandex_alb_http_router.tf-router",
            "yandex_vpc_network.network-main",
            "yandex_vpc_subnet.mysubnet-c"
          ]
        }
      ]
    },
    {
      "mode": "managed",
      "type": "yandex_alb_target_group",
      "name": "sys1",
      "provider": "provider[\"registry.terraform.io/yandex-cloud/yandex\"]",
      "instances": [
        {
          "schema_version": 0,
          "attributes": {
            "created_at": "2024-01-20T00:21:46Z",
            "description": "",
            "folder_id": "b1gelkmoapvj75knumo4",
            "id": "ds7kj709nibv12mndf4r",
            "labels": null,
            "name": "sys1",
            "target": [
              {
                "ip_address": "10.5.0.8",
                "private_ipv4_address": false,
                "subnet_id": "e9btveflqcu5ojprtsuq"
              },
              {
                "ip_address": "10.6.0.14",
                "private_ipv4_address": false,
                "subnet_id": "e2l47itsbb7rt97ruome"
              }
            ],
            "timeouts": null
          },
          "sensitive_attributes": [],
          "private": "eyJlMmJmYjczMC1lY2FhLTExZTYtOGY4OC0zNDM2M2JjN2M0YzAiOnsiY3JlYXRlIjozMDAwMDAwMDAwMDAsImRlbGV0ZSI6MzAwMDAwMDAwMDAwLCJ1cGRhdGUiOjMwMDAwMDAwMDAwMH19",
          "dependencies": [
            "yandex_compute_instance.nginx1",
            "yandex_compute_instance.nginx2",
            "yandex_vpc_gateway.nat_gateway",
            "yandex_vpc_network.network-main",
            "yandex_vpc_route_table.rt",
            "yandex_vpc_security_group.filebeat-service",
            "yandex_vpc_security_group.nginx-exporter-service",
            "yandex_vpc_security_group.nginx-service",
            "yandex_vpc_security_group.ssh-access-local",
            "yandex_vpc_security_group.zabbix-service",
            "yandex_vpc_subnet.mysubnet-a",
            "yandex_vpc_subnet.mysubnet-b"
          ]
        }
      ]
    },
    {
      "mode": "managed",
      "type": "yandex_alb_virtual_host",
      "name": "my-virtual-host",
      "provider": "provider[\"registry.terraform.io/yandex-cloud/yandex\"]",
      "instances": [
        {
          "schema_version": 0,
          "attributes": {
            "authority": null,
            "http_router_id": "ds7pgvagbsv6c54it08m",
            "id": "ds7pgvagbsv6c54it08m/myvirtualhost",
            "modify_request_headers": [],
            "modify_response_headers": [],
            "name": "myvirtualhost",
            "route": [
              {
                "grpc_route": [],
                "http_route": [
                  {
                    "direct_response_action": [],
                    "http_match": [],
                    "http_route_action": [
                      {
                        "auto_host_rewrite": false,
                        "backend_group_id": "ds7989ah9e7g7b9gqh8m",
                        "host_rewrite": "",
                        "idle_timeout": "",
                        "prefix_rewrite": "",
                        "timeout": "3s",
                        "upgrade_types": null
                      }
                    ],
                    "redirect_action": []
                  }
                ],
                "name": "my-route",
                "route_options": []
              }
            ],
            "route_options": [],
            "timeouts": null
          },
          "sensitive_attributes": [],
          "private": "eyJlMmJmYjczMC1lY2FhLTExZTYtOGY4OC0zNDM2M2JjN2M0YzAiOnsiY3JlYXRlIjozMDAwMDAwMDAwMDAsImRlbGV0ZSI6MzAwMDAwMDAwMDAwLCJ1cGRhdGUiOjMwMDAwMDAwMDAwMH19",
          "dependencies": [
            "yandex_alb_backend_group.test-backend-group",
            "yandex_alb_http_router.tf-router",
            "yandex_alb_target_group.sys1",
            "yandex_compute_instance.nginx1",
            "yandex_compute_instance.nginx2",
            "yandex_vpc_gateway.nat_gateway",
            "yandex_vpc_network.network-main",
            "yandex_vpc_route_table.rt",
            "yandex_vpc_security_group.filebeat-service",
            "yandex_vpc_security_group.nginx-exporter-service",
            "yandex_vpc_security_group.nginx-service",
            "yandex_vpc_security_group.ssh-access-local",
            "yandex_vpc_security_group.zabbix-service",
            "yandex_vpc_subnet.mysubnet-a",
            "yandex_vpc_subnet.mysubnet-b"
          ]
        }
      ]
    },
    {
      "mode": "managed",
      "type": "yandex_compute_instance",
      "name": "bastion-host",
      "provider": "provider[\"registry.terraform.io/yandex-cloud/yandex\"]",
      "instances": [
        {
          "schema_version": 1,
          "attributes": {
            "allow_recreate": null,
            "allow_stopping_for_update": null,
            "boot_disk": [
              {
                "auto_delete": true,
                "device_name": "ef3m5ubepdcij3s9bvju",
                "disk_id": "ef3m5ubepdcij3s9bvju",
                "initialize_params": [
                  {
                    "block_size": 4096,
                    "description": "",
                    "image_id": "fd8o41nbel1uqngk0op2",
                    "name": "",
                    "size": 10,
                    "snapshot_id": "",
                    "type": "network-hdd"
                  }
                ],
                "mode": "READ_WRITE"
              }
            ],
            "created_at": "2024-01-20T00:20:42Z",
            "description": "",
            "filesystem": [],
            "folder_id": "b1gelkmoapvj75knumo4",
            "fqdn": "ef3dub648ruu1h6r5dor.auto.internal",
            "gpu_cluster_id": "",
            "hostname": "",
            "id": "ef3dub648ruu1h6r5dor",
            "labels": null,
            "local_disk": [],
            "maintenance_grace_period": "",
            "maintenance_policy": null,
            "metadata": {
              "user-data": "#cloud-config\nusers:\n  - name: user\n    groups: sudo\n    shell: /bin/bash\n    sudo: 'ALL=(ALL) NOPASSWD:ALL'\n    ssh-authorized-keys:\n      - ssh-ed25519 AAAAC3NzaC1lZDI1NTE5AAAAID2NsIx0w85ajg7WakYNJMrl2+vquZXlv8jKyQMMqZYa user@debian"
            },
            "metadata_options": [
              {
                "aws_v1_http_endpoint": 1,
                "aws_v1_http_token": 2,
                "gce_http_endpoint": 1,
                "gce_http_token": 1
              }
            ],
            "name": "bastion-host",
            "network_acceleration_type": "standard",
            "network_interface": [
              {
                "dns_record": [],
                "index": 0,
                "ip_address": "10.7.0.3",
                "ipv4": true,
                "ipv6": false,
                "ipv6_address": "",
                "ipv6_dns_record": [],
                "mac_address": "d0:0d:df:2c:c4:46",
                "nat": true,
                "nat_dns_record": [],
                "nat_ip_address": "51.250.32.198",
                "nat_ip_version": "IPV4",
                "security_group_ids": [
                  "enpqgo9vc3oqk5gjt6s8"
                ],
                "subnet_id": "b0chg9ps1g3b2hc65lnh"
              }
            ],
            "placement_policy": [
              {
                "host_affinity_rules": [],
                "placement_group_id": ""
              }
            ],
            "platform_id": "standard-v3",
            "resources": [
              {
                "core_fraction": 20,
                "cores": 2,
                "gpus": 0,
                "memory": 2
              }
            ],
            "scheduling_policy": [
              {
                "preemptible": true
              }
            ],
            "secondary_disk": [],
            "service_account_id": "",
            "status": "running",
            "timeouts": null,
            "zone": "ru-central1-c"
          },
          "sensitive_attributes": [],
          "private": "eyJlMmJmYjczMC1lY2FhLTExZTYtOGY4OC0zNDM2M2JjN2M0YzAiOnsiY3JlYXRlIjozMDAwMDAwMDAwMDAsImRlbGV0ZSI6MzAwMDAwMDAwMDAwLCJ1cGRhdGUiOjMwMDAwMDAwMDAwMH0sInNjaGVtYV92ZXJzaW9uIjoiMSJ9",
          "dependencies": [
            "yandex_vpc_network.network-main",
            "yandex_vpc_security_group.ssh-access",
            "yandex_vpc_security_group.ssh-access-local",
            "yandex_vpc_subnet.mysubnet-c"
          ]
        }
      ]
    },
    {
      "mode": "managed",
      "type": "yandex_compute_instance",
      "name": "elasticsearch",
      "provider": "provider[\"registry.terraform.io/yandex-cloud/yandex\"]",
      "instances": [
        {
          "schema_version": 1,
          "attributes": {
            "allow_recreate": null,
            "allow_stopping_for_update": null,
            "boot_disk": [
              {
                "auto_delete": true,
                "device_name": "epdqroptmu65tlj64e1e",
                "disk_id": "epdqroptmu65tlj64e1e",
                "initialize_params": [
                  {
                    "block_size": 4096,
                    "description": "",
                    "image_id": "fd8o41nbel1uqngk0op2",
                    "name": "",
                    "size": 10,
                    "snapshot_id": "",
                    "type": "network-hdd"
                  }
                ],
                "mode": "READ_WRITE"
              }
            ],
            "created_at": "2024-01-20T00:20:54Z",
            "description": "",
            "filesystem": [],
            "folder_id": "b1gelkmoapvj75knumo4",
            "fqdn": "epd6r8j62rjbt2n6viit.auto.internal",
            "gpu_cluster_id": "",
            "hostname": "",
            "id": "epd6r8j62rjbt2n6viit",
            "labels": null,
            "local_disk": [],
            "maintenance_grace_period": "",
            "maintenance_policy": null,
            "metadata": {
              "user-data": "#cloud-config\nusers:\n  - name: user\n    groups: sudo\n    shell: /bin/bash\n    sudo: 'ALL=(ALL) NOPASSWD:ALL'\n    ssh-authorized-keys:\n      - ssh-ed25519 AAAAC3NzaC1lZDI1NTE5AAAAID2NsIx0w85ajg7WakYNJMrl2+vquZXlv8jKyQMMqZYa user@debian"
            },
            "metadata_options": [
              {
                "aws_v1_http_endpoint": 1,
                "aws_v1_http_token": 2,
                "gce_http_endpoint": 1,
                "gce_http_token": 1
              }
            ],
            "name": "elastsicsearch",
            "network_acceleration_type": "standard",
            "network_interface": [
              {
                "dns_record": [],
                "index": 0,
                "ip_address": "10.6.0.3",
                "ipv4": true,
                "ipv6": false,
                "ipv6_address": "",
                "ipv6_dns_record": [],
                "mac_address": "d0:0d:6d:a2:66:16",
                "nat": false,
                "nat_dns_record": [],
                "nat_ip_address": "",
                "nat_ip_version": "",
                "security_group_ids": [
                  "enpl28o5d897v76avjge",
                  "enpmj5a137uro66tt329",
                  "enpqrr8joij20r72j4ih",
                  "enpshorrl2bijaqcfl61"
                ],
                "subnet_id": "e2l47itsbb7rt97ruome"
              }
            ],
            "placement_policy": [
              {
                "host_affinity_rules": [],
                "placement_group_id": ""
              }
            ],
            "platform_id": "standard-v3",
            "resources": [
              {
                "core_fraction": 20,
                "cores": 2,
                "gpus": 0,
                "memory": 6
              }
            ],
            "scheduling_policy": [
              {
                "preemptible": true
              }
            ],
            "secondary_disk": [],
            "service_account_id": "",
            "status": "running",
            "timeouts": null,
            "zone": "ru-central1-b"
          },
          "sensitive_attributes": [],
          "private": "eyJlMmJmYjczMC1lY2FhLTExZTYtOGY4OC0zNDM2M2JjN2M0YzAiOnsiY3JlYXRlIjozMDAwMDAwMDAwMDAsImRlbGV0ZSI6MzAwMDAwMDAwMDAwLCJ1cGRhdGUiOjMwMDAwMDAwMDAwMH0sInNjaGVtYV92ZXJzaW9uIjoiMSJ9",
          "dependencies": [
            "yandex_vpc_gateway.nat_gateway",
            "yandex_vpc_network.network-main",
            "yandex_vpc_route_table.rt",
            "yandex_vpc_security_group.elasticsearch-service",
            "yandex_vpc_security_group.filebeat-service",
            "yandex_vpc_security_group.kibana-service",
            "yandex_vpc_security_group.ssh-access-local",
            "yandex_vpc_subnet.mysubnet-b"
          ]
        }
      ]
    },
    {
      "mode": "managed",
      "type": "yandex_compute_instance",
      "name": "kibana",
      "provider": "provider[\"registry.terraform.io/yandex-cloud/yandex\"]",
      "instances": [
        {
          "schema_version": 1,
          "attributes": {
            "allow_recreate": null,
            "allow_stopping_for_update": null,
            "boot_disk": [
              {
                "auto_delete": true,
                "device_name": "epd3aclhoom3kp79goq1",
                "disk_id": "epd3aclhoom3kp79goq1",
                "initialize_params": [
                  {
                    "block_size": 4096,
                    "description": "",
                    "image_id": "fd8o41nbel1uqngk0op2",
                    "name": "",
                    "size": 10,
                    "snapshot_id": "",
                    "type": "network-hdd"
                  }
                ],
                "mode": "READ_WRITE"
              }
            ],
            "created_at": "2024-01-20T00:20:54Z",
            "description": "",
            "filesystem": [],
            "folder_id": "b1gelkmoapvj75knumo4",
            "fqdn": "epd8ar7s9sfrgl2nc29t.auto.internal",
            "gpu_cluster_id": "",
            "hostname": "",
            "id": "epd8ar7s9sfrgl2nc29t",
            "labels": null,
            "local_disk": [],
            "maintenance_grace_period": "",
            "maintenance_policy": null,
            "metadata": {
              "user-data": "#cloud-config\nusers:\n  - name: user\n    groups: sudo\n    shell: /bin/bash\n    sudo: 'ALL=(ALL) NOPASSWD:ALL'\n    ssh-authorized-keys:\n      - ssh-ed25519 AAAAC3NzaC1lZDI1NTE5AAAAID2NsIx0w85ajg7WakYNJMrl2+vquZXlv8jKyQMMqZYa user@debian"
            },
            "metadata_options": [
              {
                "aws_v1_http_endpoint": 1,
                "aws_v1_http_token": 2,
                "gce_http_endpoint": 1,
                "gce_http_token": 1
              }
            ],
            "name": "kibana",
            "network_acceleration_type": "standard",
            "network_interface": [
              {
                "dns_record": [],
                "index": 0,
                "ip_address": "10.6.0.8",
                "ipv4": true,
                "ipv6": false,
                "ipv6_address": "",
                "ipv6_dns_record": [],
                "mac_address": "d0:0d:85:6c:fc:4f",
                "nat": true,
                "nat_dns_record": [],
                "nat_ip_address": "51.250.26.198",
                "nat_ip_version": "IPV4",
                "security_group_ids": [
                  "enpl28o5d897v76avjge",
                  "enpmj5a137uro66tt329",
                  "enpqrr8joij20r72j4ih",
                  "enpshorrl2bijaqcfl61"
                ],
                "subnet_id": "e2l47itsbb7rt97ruome"
              }
            ],
            "placement_policy": [
              {
                "host_affinity_rules": [],
                "placement_group_id": ""
              }
            ],
            "platform_id": "standard-v3",
            "resources": [
              {
                "core_fraction": 20,
                "cores": 2,
                "gpus": 0,
                "memory": 6
              }
            ],
            "scheduling_policy": [
              {
                "preemptible": true
              }
            ],
            "secondary_disk": [],
            "service_account_id": "",
            "status": "running",
            "timeouts": null,
            "zone": "ru-central1-b"
          },
          "sensitive_attributes": [],
          "private": "eyJlMmJmYjczMC1lY2FhLTExZTYtOGY4OC0zNDM2M2JjN2M0YzAiOnsiY3JlYXRlIjozMDAwMDAwMDAwMDAsImRlbGV0ZSI6MzAwMDAwMDAwMDAwLCJ1cGRhdGUiOjMwMDAwMDAwMDAwMH0sInNjaGVtYV92ZXJzaW9uIjoiMSJ9",
          "dependencies": [
            "yandex_vpc_gateway.nat_gateway",
            "yandex_vpc_network.network-main",
            "yandex_vpc_route_table.rt",
            "yandex_vpc_security_group.elasticsearch-service",
            "yandex_vpc_security_group.filebeat-service",
            "yandex_vpc_security_group.kibana-service",
            "yandex_vpc_security_group.ssh-access-local",
            "yandex_vpc_subnet.mysubnet-b"
          ]
        }
      ]
    },
    {
      "mode": "managed",
      "type": "yandex_compute_instance",
      "name": "nginx1",
      "provider": "provider[\"registry.terraform.io/yandex-cloud/yandex\"]",
      "instances": [
        {
          "schema_version": 1,
          "attributes": {
            "allow_recreate": null,
            "allow_stopping_for_update": null,
            "boot_disk": [
              {
                "auto_delete": true,
                "device_name": "epdeqrvo7l00r0hda5eq",
                "disk_id": "epdeqrvo7l00r0hda5eq",
                "initialize_params": [
                  {
                    "block_size": 4096,
                    "description": "",
                    "image_id": "fd8o41nbel1uqngk0op2",
                    "name": "",
                    "size": 10,
                    "snapshot_id": "",
                    "type": "network-hdd"
                  }
                ],
                "mode": "READ_WRITE"
              }
            ],
            "created_at": "2024-01-20T00:21:04Z",
            "description": "",
            "filesystem": [],
            "folder_id": "b1gelkmoapvj75knumo4",
            "fqdn": "epdrber76g38fss9oms3.auto.internal",
            "gpu_cluster_id": "",
            "hostname": "",
            "id": "epdrber76g38fss9oms3",
            "labels": null,
            "local_disk": [],
            "maintenance_grace_period": "",
            "maintenance_policy": null,
            "metadata": {
              "user-data": "#cloud-config\nusers:\n  - name: user\n    groups: sudo\n    shell: /bin/bash\n    sudo: 'ALL=(ALL) NOPASSWD:ALL'\n    ssh-authorized-keys:\n      - ssh-ed25519 AAAAC3NzaC1lZDI1NTE5AAAAID2NsIx0w85ajg7WakYNJMrl2+vquZXlv8jKyQMMqZYa user@debian"
            },
            "metadata_options": [
              {
                "aws_v1_http_endpoint": 1,
                "aws_v1_http_token": 2,
                "gce_http_endpoint": 1,
                "gce_http_token": 1
              }
            ],
            "name": "web1",
            "network_acceleration_type": "standard",
            "network_interface": [
              {
                "dns_record": [],
                "index": 0,
                "ip_address": "10.6.0.14",
                "ipv4": true,
                "ipv6": false,
                "ipv6_address": "",
                "ipv6_dns_record": [],
                "mac_address": "d0:0d:1b:5b:b6:73",
                "nat": false,
                "nat_dns_record": [],
                "nat_ip_address": "",
                "nat_ip_version": "",
                "security_group_ids": [
                  "enpbhvclllfhvbaue6hr",
                  "enpign8oq9ujlm590at8",
                  "enpmj5a137uro66tt329",
                  "enpngn7fo8up3625run0",
                  "enpqrr8joij20r72j4ih"
                ],
                "subnet_id": "e2l47itsbb7rt97ruome"
              }
            ],
            "placement_policy": [
              {
                "host_affinity_rules": [],
                "placement_group_id": ""
              }
            ],
            "platform_id": "standard-v3",
            "resources": [
              {
                "core_fraction": 20,
                "cores": 2,
                "gpus": 0,
                "memory": 4
              }
            ],
            "scheduling_policy": [
              {
                "preemptible": true
              }
            ],
            "secondary_disk": [],
            "service_account_id": "",
            "status": "running",
            "timeouts": null,
            "zone": "ru-central1-b"
          },
          "sensitive_attributes": [],
          "private": "eyJlMmJmYjczMC1lY2FhLTExZTYtOGY4OC0zNDM2M2JjN2M0YzAiOnsiY3JlYXRlIjozMDAwMDAwMDAwMDAsImRlbGV0ZSI6MzAwMDAwMDAwMDAwLCJ1cGRhdGUiOjMwMDAwMDAwMDAwMH0sInNjaGVtYV92ZXJzaW9uIjoiMSJ9",
          "dependencies": [
            "yandex_vpc_gateway.nat_gateway",
            "yandex_vpc_network.network-main",
            "yandex_vpc_route_table.rt",
            "yandex_vpc_security_group.filebeat-service",
            "yandex_vpc_security_group.nginx-exporter-service",
            "yandex_vpc_security_group.nginx-service",
            "yandex_vpc_security_group.ssh-access-local",
            "yandex_vpc_security_group.zabbix-service",
            "yandex_vpc_subnet.mysubnet-b"
          ]
        }
      ]
    },
    {
      "mode": "managed",
      "type": "yandex_compute_instance",
      "name": "nginx2",
      "provider": "provider[\"registry.terraform.io/yandex-cloud/yandex\"]",
      "instances": [
        {
          "schema_version": 1,
          "attributes": {
            "allow_recreate": null,
            "allow_stopping_for_update": null,
            "boot_disk": [
              {
                "auto_delete": true,
                "device_name": "fhmko9s2t1qq90o1caos",
                "disk_id": "fhmko9s2t1qq90o1caos",
                "initialize_params": [
                  {
                    "block_size": 4096,
                    "description": "",
                    "image_id": "fd8o41nbel1uqngk0op2",
                    "name": "",
                    "size": 10,
                    "snapshot_id": "",
                    "type": "network-hdd"
                  }
                ],
                "mode": "READ_WRITE"
              }
            ],
            "created_at": "2024-01-20T00:21:04Z",
            "description": "",
            "filesystem": [],
            "folder_id": "b1gelkmoapvj75knumo4",
            "fqdn": "fhmbulo5avo8uioihg0h.auto.internal",
            "gpu_cluster_id": "",
            "hostname": "",
            "id": "fhmbulo5avo8uioihg0h",
            "labels": null,
            "local_disk": [],
            "maintenance_grace_period": "",
            "maintenance_policy": null,
            "metadata": {
              "user-data": "#cloud-config\nusers:\n  - name: user\n    groups: sudo\n    shell: /bin/bash\n    sudo: 'ALL=(ALL) NOPASSWD:ALL'\n    ssh-authorized-keys:\n      - ssh-ed25519 AAAAC3NzaC1lZDI1NTE5AAAAID2NsIx0w85ajg7WakYNJMrl2+vquZXlv8jKyQMMqZYa user@debian"
            },
            "metadata_options": [
              {
                "aws_v1_http_endpoint": 1,
                "aws_v1_http_token": 2,
                "gce_http_endpoint": 1,
                "gce_http_token": 1
              }
            ],
            "name": "web2",
            "network_acceleration_type": "standard",
            "network_interface": [
              {
                "dns_record": [],
                "index": 0,
                "ip_address": "10.5.0.8",
                "ipv4": true,
                "ipv6": false,
                "ipv6_address": "",
                "ipv6_dns_record": [],
                "mac_address": "d0:0d:bf:57:05:57",
                "nat": false,
                "nat_dns_record": [],
                "nat_ip_address": "",
                "nat_ip_version": "",
                "security_group_ids": [
                  "enpbhvclllfhvbaue6hr",
                  "enpign8oq9ujlm590at8",
                  "enpmj5a137uro66tt329",
                  "enpngn7fo8up3625run0",
                  "enpqrr8joij20r72j4ih"
                ],
                "subnet_id": "e9btveflqcu5ojprtsuq"
              }
            ],
            "placement_policy": [
              {
                "host_affinity_rules": [],
                "placement_group_id": ""
              }
            ],
            "platform_id": "standard-v3",
            "resources": [
              {
                "core_fraction": 20,
                "cores": 2,
                "gpus": 0,
                "memory": 4
              }
            ],
            "scheduling_policy": [
              {
                "preemptible": true
              }
            ],
            "secondary_disk": [],
            "service_account_id": "",
            "status": "running",
            "timeouts": null,
            "zone": "ru-central1-a"
          },
          "sensitive_attributes": [],
          "private": "eyJlMmJmYjczMC1lY2FhLTExZTYtOGY4OC0zNDM2M2JjN2M0YzAiOnsiY3JlYXRlIjozMDAwMDAwMDAwMDAsImRlbGV0ZSI6MzAwMDAwMDAwMDAwLCJ1cGRhdGUiOjMwMDAwMDAwMDAwMH0sInNjaGVtYV92ZXJzaW9uIjoiMSJ9",
          "dependencies": [
            "yandex_vpc_gateway.nat_gateway",
            "yandex_vpc_network.network-main",
            "yandex_vpc_route_table.rt",
            "yandex_vpc_security_group.filebeat-service",
            "yandex_vpc_security_group.nginx-exporter-service",
            "yandex_vpc_security_group.nginx-service",
            "yandex_vpc_security_group.ssh-access-local",
            "yandex_vpc_security_group.zabbix-service",
            "yandex_vpc_subnet.mysubnet-a"
          ]
        }
      ]
    },
    {
      "mode": "managed",
      "type": "yandex_compute_instance",
      "name": "zabbix",
      "provider": "provider[\"registry.terraform.io/yandex-cloud/yandex\"]",
      "instances": [
        {
          "schema_version": 1,
          "attributes": {
            "allow_recreate": null,
            "allow_stopping_for_update": null,
            "boot_disk": [
              {
                "auto_delete": true,
                "device_name": "epdko1pj53plpak8sdea",
                "disk_id": "epdko1pj53plpak8sdea",
                "initialize_params": [
                  {
                    "block_size": 4096,
                    "description": "",
                    "image_id": "fd8o41nbel1uqngk0op2",
                    "name": "",
                    "size": 10,
                    "snapshot_id": "",
                    "type": "network-hdd"
                  }
                ],
                "mode": "READ_WRITE"
              }
            ],
            "created_at": "2024-01-20T00:21:06Z",
            "description": "",
            "filesystem": [],
            "folder_id": "b1gelkmoapvj75knumo4",
            "fqdn": "epdaj5ihdii75t5bnv5r.auto.internal",
            "gpu_cluster_id": "",
            "hostname": "",
            "id": "epdaj5ihdii75t5bnv5r",
            "labels": null,
            "local_disk": [],
            "maintenance_grace_period": "",
            "maintenance_policy": null,
            "metadata": {
              "user-data": "#cloud-config\nusers:\n  - name: user\n    groups: sudo\n    shell: /bin/bash\n    sudo: 'ALL=(ALL) NOPASSWD:ALL'\n    ssh-authorized-keys:\n      - ssh-ed25519 AAAAC3NzaC1lZDI1NTE5AAAAID2NsIx0w85ajg7WakYNJMrl2+vquZXlv8jKyQMMqZYa user@debian"
            },
            "metadata_options": [
              {
                "aws_v1_http_endpoint": 1,
                "aws_v1_http_token": 2,
                "gce_http_endpoint": 1,
                "gce_http_token": 1
              }
            ],
            "name": "zabbix",
            "network_acceleration_type": "standard",
            "network_interface": [
              {
                "dns_record": [],
                "index": 0,
                "ip_address": "10.6.0.16",
                "ipv4": true,
                "ipv6": false,
                "ipv6_address": "",
                "ipv6_dns_record": [],
                "mac_address": "d0:0d:a9:96:51:6c",
                "nat": true,
                "nat_dns_record": [],
                "nat_ip_address": "84.201.143.27",
                "nat_ip_version": "IPV4",
                "security_group_ids": [
                  "enpbhvclllfhvbaue6hr",
                  "enpign8oq9ujlm590at8",
                  "enpqrr8joij20r72j4ih"
                ],
                "subnet_id": "e2l47itsbb7rt97ruome"
              }
            ],
            "placement_policy": [
              {
                "host_affinity_rules": [],
                "placement_group_id": ""
              }
            ],
            "platform_id": "standard-v3",
            "resources": [
              {
                "core_fraction": 20,
                "cores": 2,
                "gpus": 0,
                "memory": 4
              }
            ],
            "scheduling_policy": [
              {
                "preemptible": true
              }
            ],
            "secondary_disk": [],
            "service_account_id": "",
            "status": "running",
            "timeouts": null,
            "zone": "ru-central1-b"
          },
          "sensitive_attributes": [],
          "private": "eyJlMmJmYjczMC1lY2FhLTExZTYtOGY4OC0zNDM2M2JjN2M0YzAiOnsiY3JlYXRlIjozMDAwMDAwMDAwMDAsImRlbGV0ZSI6MzAwMDAwMDAwMDAwLCJ1cGRhdGUiOjMwMDAwMDAwMDAwMH0sInNjaGVtYV92ZXJzaW9uIjoiMSJ9",
          "dependencies": [
            "yandex_vpc_gateway.nat_gateway",
            "yandex_vpc_network.network-main",
            "yandex_vpc_route_table.rt",
            "yandex_vpc_security_group.nginx-exporter-service",
            "yandex_vpc_security_group.ssh-access-local",
            "yandex_vpc_security_group.zabbix-service",
            "yandex_vpc_subnet.mysubnet-b"
          ]
        }
      ]
    },
    {
      "mode": "managed",
      "type": "yandex_compute_snapshot_schedule",
      "name": "default",
      "provider": "provider[\"registry.terraform.io/yandex-cloud/yandex\"]",
      "instances": [
        {
          "schema_version": 0,
          "attributes": {
            "created_at": "2024-01-20T00:21:58Z",
            "description": "",
            "disk_ids": [
              "epdqroptmu65tlj64e1e",
              "fhmko9s2t1qq90o1caos",
              "epdko1pj53plpak8sdea",
              "epdeqrvo7l00r0hda5eq",
              "epd3aclhoom3kp79goq1",
              "ef3m5ubepdcij3s9bvju"
            ],
            "folder_id": "b1gelkmoapvj75knumo4",
            "id": "fd8i0vb4b27otvmntplb",
            "labels": {
              "my-label": "label-value"
            },
            "name": "snapshot-netology",
            "retention_period": "",
            "schedule_policy": [
              {
                "expression": "0 0 ? * *",
                "start_at": "1970-01-01T00:00:00Z"
              }
            ],
            "snapshot_count": 7,
            "snapshot_spec": [
              {
                "description": "snapshot-description",
                "labels": {
                  "snapshot-label": "snapshot-label-value"
                }
              }
            ],
            "status": "active",
            "timeouts": null
          },
          "sensitive_attributes": [],
          "private": "eyJlMmJmYjczMC1lY2FhLTExZTYtOGY4OC0zNDM2M2JjN2M0YzAiOnsiY3JlYXRlIjozMDAwMDAwMDAwMDAsImRlbGV0ZSI6MzAwMDAwMDAwMDAwLCJ1cGRhdGUiOjMwMDAwMDAwMDAwMH19",
          "dependencies": [
            "yandex_compute_instance.bastion-host",
            "yandex_compute_instance.elasticsearch",
            "yandex_compute_instance.kibana",
            "yandex_compute_instance.nginx1",
            "yandex_compute_instance.nginx2",
            "yandex_compute_instance.zabbix",
            "yandex_vpc_gateway.nat_gateway",
            "yandex_vpc_network.network-main",
            "yandex_vpc_route_table.rt",
            "yandex_vpc_security_group.elasticsearch-service",
            "yandex_vpc_security_group.filebeat-service",
            "yandex_vpc_security_group.kibana-service",
            "yandex_vpc_security_group.nginx-exporter-service",
            "yandex_vpc_security_group.nginx-service",
            "yandex_vpc_security_group.ssh-access",
            "yandex_vpc_security_group.ssh-access-local",
            "yandex_vpc_security_group.zabbix-service",
            "yandex_vpc_subnet.mysubnet-a",
            "yandex_vpc_subnet.mysubnet-b",
            "yandex_vpc_subnet.mysubnet-c"
          ]
        }
      ]
    },
    {
      "mode": "managed",
      "type": "yandex_vpc_gateway",
      "name": "nat_gateway",
      "provider": "provider[\"registry.terraform.io/yandex-cloud/yandex\"]",
      "instances": [
        {
          "schema_version": 0,
          "attributes": {
            "created_at": "2024-01-20T00:20:32Z",
            "description": "",
            "folder_id": "b1gelkmoapvj75knumo4",
            "id": "enpkq11a4hin2je3usbs",
            "labels": {},
            "name": "test-gateway",
            "shared_egress_gateway": [
              {}
            ],
            "timeouts": null
          },
          "sensitive_attributes": [],
          "private": "eyJlMmJmYjczMC1lY2FhLTExZTYtOGY4OC0zNDM2M2JjN2M0YzAiOnsiY3JlYXRlIjo2MDAwMDAwMDAwMCwiZGVsZXRlIjo2MDAwMDAwMDAwMCwidXBkYXRlIjo2MDAwMDAwMDAwMH19"
        }
      ]
    },
    {
      "mode": "managed",
      "type": "yandex_vpc_network",
      "name": "network-main",
      "provider": "provider[\"registry.terraform.io/yandex-cloud/yandex\"]",
      "instances": [
        {
          "schema_version": 0,
          "attributes": {
            "created_at": "2024-01-20T00:20:32Z",
            "default_security_group_id": "enp5s9rnl0n60vjllo6v",
            "description": "",
            "folder_id": "b1gelkmoapvj75knumo4",
            "id": "enpdgmoknm1n239ur0ne",
            "labels": {},
            "name": "diplom-net",
            "subnet_ids": [],
            "timeouts": null
          },
          "sensitive_attributes": [],
          "private": "eyJlMmJmYjczMC1lY2FhLTExZTYtOGY4OC0zNDM2M2JjN2M0YzAiOnsiY3JlYXRlIjo2MDAwMDAwMDAwMCwiZGVsZXRlIjo2MDAwMDAwMDAwMCwidXBkYXRlIjo2MDAwMDAwMDAwMH19"
        }
      ]
    },
    {
      "mode": "managed",
      "type": "yandex_vpc_route_table",
      "name": "rt",
      "provider": "provider[\"registry.terraform.io/yandex-cloud/yandex\"]",
      "instances": [
        {
          "schema_version": 0,
          "attributes": {
            "created_at": "2024-01-20T00:20:35Z",
            "description": "",
            "folder_id": "b1gelkmoapvj75knumo4",
            "id": "enpfsn4roaqs7e251pkj",
            "labels": {},
            "name": "",
            "network_id": "enpdgmoknm1n239ur0ne",
            "static_route": [
              {
                "destination_prefix": "0.0.0.0/0",
                "gateway_id": "enpkq11a4hin2je3usbs",
                "next_hop_address": ""
              }
            ],
            "timeouts": null
          },
          "sensitive_attributes": [],
          "private": "eyJlMmJmYjczMC1lY2FhLTExZTYtOGY4OC0zNDM2M2JjN2M0YzAiOnsiY3JlYXRlIjoxODAwMDAwMDAwMDAsImRlbGV0ZSI6MTgwMDAwMDAwMDAwLCJ1cGRhdGUiOjE4MDAwMDAwMDAwMH19",
          "dependencies": [
            "yandex_vpc_gateway.nat_gateway",
            "yandex_vpc_network.network-main"
          ]
        }
      ]
    },
    {
      "mode": "managed",
      "type": "yandex_vpc_security_group",
      "name": "elasticsearch-service",
      "provider": "provider[\"registry.terraform.io/yandex-cloud/yandex\"]",
      "instances": [
        {
          "schema_version": 0,
          "attributes": {
            "created_at": "2024-01-20T00:20:37Z",
            "description": "Group rules allow connections to cluster nodes over SSH. Apply the rules only for node groups.",
            "egress": [
              {
                "description": "Rule allows connections to nodes over SSH from specified IPs.",
                "from_port": -1,
                "id": "enp3807dtjrqjigc4rmj",
                "labels": {},
                "port": 9200,
                "predefined_target": "",
                "protocol": "TCP",
                "security_group_id": "",
                "to_port": -1,
                "v4_cidr_blocks": [
                  "10.5.0.0/16",
                  "10.6.0.0/16"
                ],
                "v6_cidr_blocks": []
              }
            ],
            "folder_id": "b1gelkmoapvj75knumo4",
            "id": "enpl28o5d897v76avjge",
            "ingress": [
              {
                "description": "Rule allows connections to nodes over SSH from specified IPs.",
                "from_port": -1,
                "id": "enpa0366cp3v1ge6a21g",
                "labels": {},
                "port": 9200,
                "predefined_target": "",
                "protocol": "TCP",
                "security_group_id": "",
                "to_port": -1,
                "v4_cidr_blocks": [
                  "10.5.0.0/16",
                  "10.6.0.0/16"
                ],
                "v6_cidr_blocks": []
              }
            ],
            "labels": {},
            "name": "elasticsearch-service",
            "network_id": "enpdgmoknm1n239ur0ne",
            "status": "ACTIVE",
            "timeouts": null
          },
          "sensitive_attributes": [],
          "private": "eyJlMmJmYjczMC1lY2FhLTExZTYtOGY4OC0zNDM2M2JjN2M0YzAiOnsiY3JlYXRlIjoxODAwMDAwMDAwMDAsImRlbGV0ZSI6MTgwMDAwMDAwMDAwLCJ1cGRhdGUiOjE4MDAwMDAwMDAwMH19",
          "dependencies": [
            "yandex_vpc_network.network-main"
          ]
        }
      ]
    },
    {
      "mode": "managed",
      "type": "yandex_vpc_security_group",
      "name": "filebeat-service",
      "provider": "provider[\"registry.terraform.io/yandex-cloud/yandex\"]",
      "instances": [
        {
          "schema_version": 0,
          "attributes": {
            "created_at": "2024-01-20T00:20:35Z",
            "description": "Group rules allow connections to cluster nodes over SSH. Apply the rules only for node groups.",
            "egress": [
              {
                "description": "Rule allows connections to nodes over SSH from specified IPs.",
                "from_port": -1,
                "id": "enpqemfaaqedcnndm3me",
                "labels": {},
                "port": 5044,
                "predefined_target": "",
                "protocol": "TCP",
                "security_group_id": "",
                "to_port": -1,
                "v4_cidr_blocks": [
                  "10.5.0.0/16",
                  "10.6.0.0/16"
                ],
                "v6_cidr_blocks": []
              }
            ],
            "folder_id": "b1gelkmoapvj75knumo4",
            "id": "enpmj5a137uro66tt329",
            "ingress": [
              {
                "description": "Rule allows connections to nodes over SSH from specified IPs.",
                "from_port": -1,
                "id": "enpsrs5p7cvee8hqml7h",
                "labels": {},
                "port": 5044,
                "predefined_target": "",
                "protocol": "TCP",
                "security_group_id": "",
                "to_port": -1,
                "v4_cidr_blocks": [
                  "10.5.0.0/16",
                  "10.6.0.0/16"
                ],
                "v6_cidr_blocks": []
              }
            ],
            "labels": {},
            "name": "filebeat service",
            "network_id": "enpdgmoknm1n239ur0ne",
            "status": "ACTIVE",
            "timeouts": null
          },
          "sensitive_attributes": [],
          "private": "eyJlMmJmYjczMC1lY2FhLTExZTYtOGY4OC0zNDM2M2JjN2M0YzAiOnsiY3JlYXRlIjoxODAwMDAwMDAwMDAsImRlbGV0ZSI6MTgwMDAwMDAwMDAwLCJ1cGRhdGUiOjE4MDAwMDAwMDAwMH19",
          "dependencies": [
            "yandex_vpc_network.network-main"
          ]
        }
      ]
    },
    {
      "mode": "managed",
      "type": "yandex_vpc_security_group",
      "name": "kibana-service",
      "provider": "provider[\"registry.terraform.io/yandex-cloud/yandex\"]",
      "instances": [
        {
          "schema_version": 0,
          "attributes": {
            "created_at": "2024-01-20T00:20:53Z",
            "description": "Group rules allow connections to cluster nodes over SSH. Apply the rules only for node groups.",
            "egress": [
              {
                "description": "Rule allows connections to nodes over SSH from specified IPs.",
                "from_port": -1,
                "id": "enpb02gfmbq4q6j26h67",
                "labels": {},
                "port": 5601,
                "predefined_target": "",
                "protocol": "TCP",
                "security_group_id": "",
                "to_port": -1,
                "v4_cidr_blocks": [
                  "0.0.0.0/0"
                ],
                "v6_cidr_blocks": []
              }
            ],
            "folder_id": "b1gelkmoapvj75knumo4",
            "id": "enpshorrl2bijaqcfl61",
            "ingress": [
              {
                "description": "Rule allows connections to nodes over SSH from specified IPs.",
                "from_port": -1,
                "id": "enp82uss3udpo9svj9su",
                "labels": {},
                "port": 5601,
                "predefined_target": "",
                "protocol": "TCP",
                "security_group_id": "",
                "to_port": -1,
                "v4_cidr_blocks": [
                  "0.0.0.0/0"
                ],
                "v6_cidr_blocks": []
              }
            ],
            "labels": {},
            "name": "kibana-service",
            "network_id": "enpdgmoknm1n239ur0ne",
            "status": "ACTIVE",
            "timeouts": null
          },
          "sensitive_attributes": [],
          "private": "eyJlMmJmYjczMC1lY2FhLTExZTYtOGY4OC0zNDM2M2JjN2M0YzAiOnsiY3JlYXRlIjoxODAwMDAwMDAwMDAsImRlbGV0ZSI6MTgwMDAwMDAwMDAwLCJ1cGRhdGUiOjE4MDAwMDAwMDAwMH19",
          "dependencies": [
            "yandex_vpc_network.network-main"
          ]
        }
      ]
    },
    {
      "mode": "managed",
      "type": "yandex_vpc_security_group",
      "name": "nginx-exporter-service",
      "provider": "provider[\"registry.terraform.io/yandex-cloud/yandex\"]",
      "instances": [
        {
          "schema_version": 0,
          "attributes": {
            "created_at": "2024-01-20T00:20:43Z",
            "description": "Group rules allow connections to cluster nodes over SSH. Apply the rules only for node groups.",
            "egress": [
              {
                "description": "Rule allows connections to nodes over SSH from specified IPs.",
                "from_port": -1,
                "id": "enpor9477sncpbeo0d0b",
                "labels": {},
                "port": 4040,
                "predefined_target": "",
                "protocol": "TCP",
                "security_group_id": "",
                "to_port": -1,
                "v4_cidr_blocks": [
                  "10.5.0.0/16",
                  "10.6.0.0/16"
                ],
                "v6_cidr_blocks": []
              }
            ],
            "folder_id": "b1gelkmoapvj75knumo4",
            "id": "enpbhvclllfhvbaue6hr",
            "ingress": [
              {
                "description": "Rule allows connections to nodes over SSH from specified IPs.",
                "from_port": -1,
                "id": "enpnksfrksc3eb8gvg7s",
                "labels": {},
                "port": 4040,
                "predefined_target": "",
                "protocol": "TCP",
                "security_group_id": "",
                "to_port": -1,
                "v4_cidr_blocks": [
                  "10.5.0.0/16",
                  "10.6.0.0/16"
                ],
                "v6_cidr_blocks": []
              }
            ],
            "labels": {},
            "name": "nginx-exporter service",
            "network_id": "enpdgmoknm1n239ur0ne",
            "status": "ACTIVE",
            "timeouts": null
          },
          "sensitive_attributes": [],
          "private": "eyJlMmJmYjczMC1lY2FhLTExZTYtOGY4OC0zNDM2M2JjN2M0YzAiOnsiY3JlYXRlIjoxODAwMDAwMDAwMDAsImRlbGV0ZSI6MTgwMDAwMDAwMDAwLCJ1cGRhdGUiOjE4MDAwMDAwMDAwMH19",
          "dependencies": [
            "yandex_vpc_network.network-main"
          ]
        }
      ]
    },
    {
      "mode": "managed",
      "type": "yandex_vpc_security_group",
      "name": "nginx-service",
      "provider": "provider[\"registry.terraform.io/yandex-cloud/yandex\"]",
      "instances": [
        {
          "schema_version": 0,
          "attributes": {
            "created_at": "2024-01-20T00:20:48Z",
            "description": "Group rules allow connections to cluster nodes over SSH. Apply the rules only for node groups.",
            "egress": [
              {
                "description": "Rule allows connections to nodes over SSH from specified IPs.",
                "from_port": -1,
                "id": "enp85g3gs3adj5s6thv8",
                "labels": {},
                "port": 80,
                "predefined_target": "",
                "protocol": "ANY",
                "security_group_id": "",
                "to_port": -1,
                "v4_cidr_blocks": [
                  "0.0.0.0/0"
                ],
                "v6_cidr_blocks": []
              }
            ],
            "folder_id": "b1gelkmoapvj75knumo4",
            "id": "enpngn7fo8up3625run0",
            "ingress": [
              {
                "description": "Rule allows connections to nodes over SSH from specified IPs.",
                "from_port": -1,
                "id": "enp1k882epmm9s31qdit",
                "labels": {},
                "port": 80,
                "predefined_target": "",
                "protocol": "ANY",
                "security_group_id": "",
                "to_port": -1,
                "v4_cidr_blocks": [
                  "0.0.0.0/0"
                ],
                "v6_cidr_blocks": []
              }
            ],
            "labels": {},
            "name": "nginx-service",
            "network_id": "enpdgmoknm1n239ur0ne",
            "status": "ACTIVE",
            "timeouts": null
          },
          "sensitive_attributes": [],
          "private": "eyJlMmJmYjczMC1lY2FhLTExZTYtOGY4OC0zNDM2M2JjN2M0YzAiOnsiY3JlYXRlIjoxODAwMDAwMDAwMDAsImRlbGV0ZSI6MTgwMDAwMDAwMDAwLCJ1cGRhdGUiOjE4MDAwMDAwMDAwMH19",
          "dependencies": [
            "yandex_vpc_network.network-main"
          ]
        }
      ]
    },
    {
      "mode": "managed",
      "type": "yandex_vpc_security_group",
      "name": "ping",
      "provider": "provider[\"registry.terraform.io/yandex-cloud/yandex\"]",
      "instances": [
        {
          "schema_version": 0,
          "attributes": {
            "created_at": "2024-01-20T00:20:39Z",
            "description": "Group rules allow connections to cluster nodes over SSH. Apply the rules only for node groups.",
            "egress": [
              {
                "description": "Rule allows connections to nodes over SSH from specified IPs.",
                "from_port": -1,
                "id": "enpsr16gibkjudgnjkhd",
                "labels": {},
                "port": -1,
                "predefined_target": "",
                "protocol": "ICMP",
                "security_group_id": "",
                "to_port": -1,
                "v4_cidr_blocks": [
                  "10.5.0.0/16",
                  "10.6.0.0/16",
                  "10.7.0.0/16"
                ],
                "v6_cidr_blocks": []
              }
            ],
            "folder_id": "b1gelkmoapvj75knumo4",
            "id": "enpfsb2nf1un2l62s5h3",
            "ingress": [
              {
                "description": "Rule allows connections to nodes over SSH from specified IPs.",
                "from_port": -1,
                "id": "enppju9n5jspnigckua1",
                "labels": {},
                "port": -1,
                "predefined_target": "",
                "protocol": "ICMP",
                "security_group_id": "",
                "to_port": -1,
                "v4_cidr_blocks": [
                  "10.5.0.0/16",
                  "10.6.0.0/16",
                  "10.7.0.0/16"
                ],
                "v6_cidr_blocks": []
              }
            ],
            "labels": {},
            "name": "ping",
            "network_id": "enpdgmoknm1n239ur0ne",
            "status": "ACTIVE",
            "timeouts": null
          },
          "sensitive_attributes": [],
          "private": "eyJlMmJmYjczMC1lY2FhLTExZTYtOGY4OC0zNDM2M2JjN2M0YzAiOnsiY3JlYXRlIjoxODAwMDAwMDAwMDAsImRlbGV0ZSI6MTgwMDAwMDAwMDAwLCJ1cGRhdGUiOjE4MDAwMDAwMDAwMH19",
          "dependencies": [
            "yandex_vpc_network.network-main"
          ]
        }
      ]
    },
    {
      "mode": "managed",
      "type": "yandex_vpc_security_group",
      "name": "ssh-access",
      "provider": "provider[\"registry.terraform.io/yandex-cloud/yandex\"]",
      "instances": [
        {
          "schema_version": 0,
          "attributes": {
            "created_at": "2024-01-20T00:20:41Z",
            "description": "Group rules allow connections to cluster nodes over SSH. Apply the rules only for node groups.",
            "egress": [
              {
                "description": "Rule allows all outgoing traffic. Nodes can connect to Yandex Container Registry, Object Storage, Docker Hub, and so on.",
                "from_port": 0,
                "id": "enp00ncrau5fbr648dlt",
                "labels": {},
                "port": -1,
                "predefined_target": "",
                "protocol": "ANY",
                "security_group_id": "",
                "to_port": 65535,
                "v4_cidr_blocks": [
                  "0.0.0.0/0"
                ],
                "v6_cidr_blocks": []
              },
              {
                "description": "Rule allows connections to nodes over SSH from specified IPs.",
                "from_port": -1,
                "id": "enpikioj04nu1es28lhm",
                "labels": {},
                "port": 22,
                "predefined_target": "",
                "protocol": "TCP",
                "security_group_id": "enpqrr8joij20r72j4ih",
                "to_port": -1,
                "v4_cidr_blocks": [],
                "v6_cidr_blocks": []
              }
            ],
            "folder_id": "b1gelkmoapvj75knumo4",
            "id": "enpqgo9vc3oqk5gjt6s8",
            "ingress": [
              {
                "description": "Rule allows connections to nodes over SSH from specified IPs.",
                "from_port": -1,
                "id": "enp1ji5brfi74qkgfkqg",
                "labels": {},
                "port": 22,
                "predefined_target": "",
                "protocol": "TCP",
                "security_group_id": "enpqrr8joij20r72j4ih",
                "to_port": -1,
                "v4_cidr_blocks": [],
                "v6_cidr_blocks": []
              },
              {
                "description": "Rule allows connections to nodes over SSH from specified IPs.",
                "from_port": -1,
                "id": "enp4lt3mhg6n4h5511uk",
                "labels": {},
                "port": 22,
                "predefined_target": "",
                "protocol": "TCP",
                "security_group_id": "",
                "to_port": -1,
                "v4_cidr_blocks": [
                  "0.0.0.0/0"
                ],
                "v6_cidr_blocks": []
              }
            ],
            "labels": {},
            "name": "ssh-access for bastion",
            "network_id": "enpdgmoknm1n239ur0ne",
            "status": "ACTIVE",
            "timeouts": null
          },
          "sensitive_attributes": [],
          "private": "eyJlMmJmYjczMC1lY2FhLTExZTYtOGY4OC0zNDM2M2JjN2M0YzAiOnsiY3JlYXRlIjoxODAwMDAwMDAwMDAsImRlbGV0ZSI6MTgwMDAwMDAwMDAwLCJ1cGRhdGUiOjE4MDAwMDAwMDAwMH19",
          "dependencies": [
            "yandex_vpc_network.network-main",
            "yandex_vpc_security_group.ssh-access-local"
          ]
        }
      ]
    },
    {
      "mode": "managed",
      "type": "yandex_vpc_security_group",
      "name": "ssh-access-local",
      "provider": "provider[\"registry.terraform.io/yandex-cloud/yandex\"]",
      "instances": [
        {
          "schema_version": 0,
          "attributes": {
            "created_at": "2024-01-20T00:20:40Z",
            "description": "Group rules allow connections to cluster nodes over SSH. Apply the rules only for node groups.",
            "egress": [
              {
                "description": "Rule allows all outgoing traffic. Nodes can connect to Yandex Container Registry, Object Storage, Docker Hub, and so on.",
                "from_port": -1,
                "id": "enpcjg02pkm30sug51at",
                "labels": {},
                "port": 22,
                "predefined_target": "",
                "protocol": "TCP",
                "security_group_id": "",
                "to_port": -1,
                "v4_cidr_blocks": [
                  "10.6.0.0/16",
                  "10.5.0.0/16",
                  "10.7.0.0/16"
                ],
                "v6_cidr_blocks": []
              },
              {
                "description": "Rule allows all outgoing traffic. Nodes can connect to Yandex Container Registry, Object Storage, Docker Hub, and so on.",
                "from_port": 0,
                "id": "enpl2dueh6f5fkpfv95i",
                "labels": {},
                "port": -1,
                "predefined_target": "",
                "protocol": "ANY",
                "security_group_id": "",
                "to_port": 65535,
                "v4_cidr_blocks": [
                  "0.0.0.0/0"
                ],
                "v6_cidr_blocks": []
              }
            ],
            "folder_id": "b1gelkmoapvj75knumo4",
            "id": "enpqrr8joij20r72j4ih",
            "ingress": [
              {
                "description": "Rule allows connections to nodes over SSH from specified IPs.",
                "from_port": -1,
                "id": "enpeo9uvfp4r2aqedof5",
                "labels": {},
                "port": 22,
                "predefined_target": "",
                "protocol": "TCP",
                "security_group_id": "",
                "to_port": -1,
                "v4_cidr_blocks": [
                  "10.6.0.0/16",
                  "10.5.0.0/16",
                  "10.7.0.0/16"
                ],
                "v6_cidr_blocks": []
              }
            ],
            "labels": {},
            "name": "ssh-access for localhost",
            "network_id": "enpdgmoknm1n239ur0ne",
            "status": "ACTIVE",
            "timeouts": null
          },
          "sensitive_attributes": [],
          "private": "eyJlMmJmYjczMC1lY2FhLTExZTYtOGY4OC0zNDM2M2JjN2M0YzAiOnsiY3JlYXRlIjoxODAwMDAwMDAwMDAsImRlbGV0ZSI6MTgwMDAwMDAwMDAwLCJ1cGRhdGUiOjE4MDAwMDAwMDAwMH19",
          "dependencies": [
            "yandex_vpc_network.network-main"
          ]
        }
      ]
    },
    {
      "mode": "managed",
      "type": "yandex_vpc_security_group",
      "name": "zabbix-service",
      "provider": "provider[\"registry.terraform.io/yandex-cloud/yandex\"]",
      "instances": [
        {
          "schema_version": 0,
          "attributes": {
            "created_at": "2024-01-20T00:21:03Z",
            "description": "Group rules allow connections to cluster nodes over SSH. Apply the rules only for node groups.",
            "egress": [
              {
                "description": "Rule allows connections to nodes over SSH from specified IPs.",
                "from_port": -1,
                "id": "enpkbu4s1totvb452ipc",
                "labels": {},
                "port": 9090,
                "predefined_target": "",
                "protocol": "TCP",
                "security_group_id": "",
                "to_port": -1,
                "v4_cidr_blocks": [
                  "10.5.0.0/16",
                  "10.6.0.0/16",
                  "0.0.0.0/0"
                ],
                "v6_cidr_blocks": []
              },
              {
                "description": "Rule allows connections to nodes over SSH from specified IPs.",
                "from_port": -1,
                "id": "enpteqlngrd57lcl9tb5",
                "labels": {},
                "port": 9100,
                "predefined_target": "",
                "protocol": "TCP",
                "security_group_id": "",
                "to_port": -1,
                "v4_cidr_blocks": [
                  "10.5.0.0/16",
                  "10.6.0.0/16"
                ],
                "v6_cidr_blocks": []
              }
            ],
            "folder_id": "b1gelkmoapvj75knumo4",
            "id": "enpign8oq9ujlm590at8",
            "ingress": [
              {
                "description": "Rule allows connections to nodes over SSH from specified IPs.",
                "from_port": -1,
                "id": "enp1ovaedt2ptktpm9c3",
                "labels": {},
                "port": 9100,
                "predefined_target": "",
                "protocol": "TCP",
                "security_group_id": "",
                "to_port": -1,
                "v4_cidr_blocks": [
                  "10.5.0.0/16",
                  "10.6.0.0/16"
                ],
                "v6_cidr_blocks": []
              },
              {
                "description": "Rule allows connections to nodes over SSH from specified IPs.",
                "from_port": -1,
                "id": "enplqbhe1brg259fb9ui",
                "labels": {},
                "port": 9090,
                "predefined_target": "",
                "protocol": "TCP",
                "security_group_id": "",
                "to_port": -1,
                "v4_cidr_blocks": [
                  "10.5.0.0/16",
                  "10.6.0.0/16",
                  "0.0.0.0/0"
                ],
                "v6_cidr_blocks": []
              }
            ],
            "labels": {},
            "name": "zabbix-service",
            "network_id": "enpdgmoknm1n239ur0ne",
            "status": "ACTIVE",
            "timeouts": null
          },
          "sensitive_attributes": [],
          "private": "eyJlMmJmYjczMC1lY2FhLTExZTYtOGY4OC0zNDM2M2JjN2M0YzAiOnsiY3JlYXRlIjoxODAwMDAwMDAwMDAsImRlbGV0ZSI6MTgwMDAwMDAwMDAwLCJ1cGRhdGUiOjE4MDAwMDAwMDAwMH19",
          "dependencies": [
            "yandex_vpc_network.network-main"
          ]
        }
      ]
    },
    {
      "mode": "managed",
      "type": "yandex_vpc_subnet",
      "name": "mysubnet-a",
      "provider": "provider[\"registry.terraform.io/yandex-cloud/yandex\"]",
      "instances": [
        {
          "schema_version": 0,
          "attributes": {
            "created_at": "2024-01-20T00:20:37Z",
            "description": "",
            "dhcp_options": [],
            "folder_id": "b1gelkmoapvj75knumo4",
            "id": "e9btveflqcu5ojprtsuq",
            "labels": {},
            "name": "",
            "network_id": "enpdgmoknm1n239ur0ne",
            "route_table_id": "enpfsn4roaqs7e251pkj",
            "timeouts": null,
            "v4_cidr_blocks": [
              "10.5.0.0/16"
            ],
            "v6_cidr_blocks": [],
            "zone": "ru-central1-a"
          },
          "sensitive_attributes": [],
          "private": "eyJlMmJmYjczMC1lY2FhLTExZTYtOGY4OC0zNDM2M2JjN2M0YzAiOnsiY3JlYXRlIjoxODAwMDAwMDAwMDAsImRlbGV0ZSI6MTgwMDAwMDAwMDAwLCJ1cGRhdGUiOjE4MDAwMDAwMDAwMH19",
          "dependencies": [
            "yandex_vpc_gateway.nat_gateway",
            "yandex_vpc_network.network-main",
            "yandex_vpc_route_table.rt"
          ]
        }
      ]
    },
    {
      "mode": "managed",
      "type": "yandex_vpc_subnet",
      "name": "mysubnet-b",
      "provider": "provider[\"registry.terraform.io/yandex-cloud/yandex\"]",
      "instances": [
        {
          "schema_version": 0,
          "attributes": {
            "created_at": "2024-01-20T00:20:36Z",
            "description": "",
            "dhcp_options": [],
            "folder_id": "b1gelkmoapvj75knumo4",
            "id": "e2l47itsbb7rt97ruome",
            "labels": {},
            "name": "",
            "network_id": "enpdgmoknm1n239ur0ne",
            "route_table_id": "enpfsn4roaqs7e251pkj",
            "timeouts": null,
            "v4_cidr_blocks": [
              "10.6.0.0/16"
            ],
            "v6_cidr_blocks": [],
            "zone": "ru-central1-b"
          },
          "sensitive_attributes": [],
          "private": "eyJlMmJmYjczMC1lY2FhLTExZTYtOGY4OC0zNDM2M2JjN2M0YzAiOnsiY3JlYXRlIjoxODAwMDAwMDAwMDAsImRlbGV0ZSI6MTgwMDAwMDAwMDAwLCJ1cGRhdGUiOjE4MDAwMDAwMDAwMH19",
          "dependencies": [
            "yandex_vpc_gateway.nat_gateway",
            "yandex_vpc_network.network-main",
            "yandex_vpc_route_table.rt"
          ]
        }
      ]
    },
    {
      "mode": "managed",
      "type": "yandex_vpc_subnet",
      "name": "mysubnet-c",
      "provider": "provider[\"registry.terraform.io/yandex-cloud/yandex\"]",
      "instances": [
        {
          "schema_version": 0,
          "attributes": {
            "created_at": "2024-01-20T00:20:35Z",
            "description": "",
            "dhcp_options": [],
            "folder_id": "b1gelkmoapvj75knumo4",
            "id": "b0chg9ps1g3b2hc65lnh",
            "labels": {},
            "name": "",
            "network_id": "enpdgmoknm1n239ur0ne",
            "route_table_id": "",
            "timeouts": null,
            "v4_cidr_blocks": [
              "10.7.0.0/16"
            ],
            "v6_cidr_blocks": [],
            "zone": "ru-central1-c"
          },
          "sensitive_attributes": [],
          "private": "eyJlMmJmYjczMC1lY2FhLTExZTYtOGY4OC0zNDM2M2JjN2M0YzAiOnsiY3JlYXRlIjoxODAwMDAwMDAwMDAsImRlbGV0ZSI6MTgwMDAwMDAwMDAwLCJ1cGRhdGUiOjE4MDAwMDAwMDAwMH19",
          "dependencies": [
            "yandex_vpc_network.network-main"
          ]
        }
      ]
    }
  ],
  "check_results": null
}
